{
  "requires": true,
  "lockfileVersion": 1,
  "dependencies": {
    "fecha": {
      "version": "2.3.3",
      "resolved": "http://registry.npmjs.org/fecha/-/fecha-2.3.3.tgz",
      "integrity": "sha512-lUGBnIamTAwk4znq5BcqsDaxSmZ9nDVJaij6NvRt/Tg4R69gERA+otPKbS86ROw9nxVMw2/mp1fnaiWqbs6Sdg=="
    },
    "vue2-datepicker": {
      "version": "2.6.3",
      "resolved": "https://registry.npmjs.org/vue2-datepicker/-/vue2-datepicker-2.6.3.tgz",
      "integrity": "sha512-MI24IOW/gjZOsm9zZm88ORJwxFPNJKA3MGbwUX2r5ANrkwYy8/xmF4qvcOO02CShrcEWnzU++TPBg0Sy/H2hMA==",
      "requires": {
        "fecha": "2.3.3"
      }
    }
  }
}
